
Microsoft Visual Studio Solution File, Format Version 12.00
# Visual Studio Version 17
VisualStudioVersion = 17.4.33213.308
MinimumVisualStudioVersion = 10.0.40219.1
Project("{FAE04EC0-301F-11D3-BF4B-00C04F79EFBC}") = "PracticaSemanaUno", "PracticaSemanaUno\PracticaSemanaUno.csproj", "{12669DF9-58B0-410D-85F3-BD5DF3EFF4FF}"
EndProject
Global
	GlobalSection(SolutionConfigurationPlatforms) = preSolution
		Debug|Any CPU = Debug|Any CPU
		Release|Any CPU = Release|Any CPU
	EndGlobalSection
	GlobalSection(ProjectConfigurationPlatforms) = postSolution
		{12669DF9-58B0-410D-85F3-BD5DF3EFF4FF}.Debug|Any CPU.ActiveCfg = Debug|Any CPU
		{12669DF9-58B0-410D-85F3-BD5DF3EFF4FF}.Debug|Any CPU.Build.0 = Debug|Any CPU
		{12669DF9-58B0-410D-85F3-BD5DF3EFF4FF}.Release|Any CPU.ActiveCfg = Release|Any CPU
		{12669DF9-58B0-410D-85F3-BD5DF3EFF4FF}.Release|Any CPU.Build.0 = Release|Any CPU
	EndGlobalSection
	GlobalSection(SolutionProperties) = preSolution
		HideSolutionNode = FALSE
	EndGlobalSection
	GlobalSection(ExtensibilityGlobals) = postSolution
		SolutionGuid = {F8E33B86-DF67-44B4-A82B-5DE05DD526F0}
	EndGlobalSection
EndGlobal
